
Microsoft Visual Studio Solution File, Format Version 12.00
# Visual Studio Version 16
VisualStudioVersion = 16.0.30503.244
MinimumVisualStudioVersion = 10.0.40219.1
Project("{9A19103F-16F7-4668-BE54-9A1E7A4F7556}") = "Calculator1", "Calculator1\Calculator1.csproj", "{C55C0BDC-78D3-449C-96D8-E556796564D3}"
EndProject
Global
	GlobalSection(SolutionConfigurationPlatforms) = preSolution
		Debug|Any CPU = Debug|Any CPU
		Release|Any CPU = Release|Any CPU
	EndGlobalSection
	GlobalSection(ProjectConfigurationPlatforms) = postSolution
		{C55C0BDC-78D3-449C-96D8-E556796564D3}.Debug|Any CPU.ActiveCfg = Debug|Any CPU
		{C55C0BDC-78D3-449C-96D8-E556796564D3}.Debug|Any CPU.Build.0 = Debug|Any CPU
		{C55C0BDC-78D3-449C-96D8-E556796564D3}.Release|Any CPU.ActiveCfg = Release|Any CPU
		{C55C0BDC-78D3-449C-96D8-E556796564D3}.Release|Any CPU.Build.0 = Release|Any CPU
	EndGlobalSection
	GlobalSection(SolutionProperties) = preSolution
		HideSolutionNode = FALSE
	EndGlobalSection
	GlobalSection(ExtensibilityGlobals) = postSolution
		SolutionGuid = {2EA36FB3-B603-4AA8-82B3-E63763B07B55}
	EndGlobalSection
EndGlobal
